
Microsoft Visual Studio Solution File, Format Version 12.00
# Visual Studio Version 16
VisualStudioVersion = 16.0.28407.52
MinimumVisualStudioVersion = 10.0.40219.1
Project("{FAE04EC0-301F-11D3-BF4B-00C04F79EFBC}") = "VN Engine", "VN Engine.csproj", "{350D4D7E-0288-4BC6-8937-10B21E5CC1EF}"
EndProject
Global
	GlobalSection(SolutionConfigurationPlatforms) = preSolution
		Debug|Any CPU = Debug|Any CPU
		Release|Any CPU = Release|Any CPU
	EndGlobalSection
	GlobalSection(ProjectConfigurationPlatforms) = postSolution
		{350D4D7E-0288-4BC6-8937-10B21E5CC1EF}.Debug|Any CPU.ActiveCfg = Debug|Any CPU
		{350D4D7E-0288-4BC6-8937-10B21E5CC1EF}.Debug|Any CPU.Build.0 = Debug|Any CPU
		{350D4D7E-0288-4BC6-8937-10B21E5CC1EF}.Release|Any CPU.ActiveCfg = Release|Any CPU
		{350D4D7E-0288-4BC6-8937-10B21E5CC1EF}.Release|Any CPU.Build.0 = Release|Any CPU
	EndGlobalSection
	GlobalSection(SolutionProperties) = preSolution
		HideSolutionNode = FALSE
	EndGlobalSection
	GlobalSection(ExtensibilityGlobals) = postSolution
		SolutionGuid = {A98AD31B-349D-46AF-9821-DEE842DEE904}
	EndGlobalSection
EndGlobal
